
Microsoft Visual Studio Solution File, Format Version 12.00
# Visual Studio Version 17
VisualStudioVersion = 17.9.34728.123
MinimumVisualStudioVersion = 10.0.40219.1
Project("{FAE04EC0-301F-11D3-BF4B-00C04F79EFBC}") = "test_git", "test_git\test_git.csproj", "{9FED8421-CF9E-4CE4-ABE5-2B37A108D0F5}"
EndProject
Global
	GlobalSection(SolutionConfigurationPlatforms) = preSolution
		Debug|Any CPU = Debug|Any CPU
		Release|Any CPU = Release|Any CPU
	EndGlobalSection
	GlobalSection(ProjectConfigurationPlatforms) = postSolution
		{9FED8421-CF9E-4CE4-ABE5-2B37A108D0F5}.Debug|Any CPU.ActiveCfg = Debug|Any CPU
		{9FED8421-CF9E-4CE4-ABE5-2B37A108D0F5}.Debug|Any CPU.Build.0 = Debug|Any CPU
		{9FED8421-CF9E-4CE4-ABE5-2B37A108D0F5}.Release|Any CPU.ActiveCfg = Release|Any CPU
		{9FED8421-CF9E-4CE4-ABE5-2B37A108D0F5}.Release|Any CPU.Build.0 = Release|Any CPU
	EndGlobalSection
	GlobalSection(SolutionProperties) = preSolution
		HideSolutionNode = FALSE
	EndGlobalSection
	GlobalSection(ExtensibilityGlobals) = postSolution
		SolutionGuid = {91194601-D3DD-461F-B1C5-D46A24D774CB}
	EndGlobalSection
EndGlobal
